[[package]]
name = "english-words"
version = "1.0.4"
description = "Contains sets of english words"
category = "main"
optional = false
python-versions = "*"

[metadata]
lock-version = "1.1"
python-versions = "^3.8"
content-hash = "7d307eaf194d1a21f7954809a0792c7730849c77fc13d76860d79b9912c879e6"

[metadata.files]
english-words = [
    {file = "english-words-1.0.4.tar.gz", hash = "sha256:fb9522343339fb4b3387ee7e7dbd700feb831769dfd6b24ba740146e64b19661"},
]
